
Microsoft Visual Studio Solution File, Format Version 12.00
# Visual Studio 15
VisualStudioVersion = 15.0.28307.852
MinimumVisualStudioVersion = 10.0.40219.1
Project("{FAE04EC0-301F-11D3-BF4B-00C04F79EFBC}") = "SampleArray", "SampleArray.csproj", "{737B4DDD-7BF0-4B7A-8E17-86D6EA094A88}"
EndProject
Project("{FAE04EC0-301F-11D3-BF4B-00C04F79EFBC}") = "SampleArray.Util", "SampleArray.Util\SampleArray.Util.csproj", "{B4946132-3447-4574-B54F-8B1CCDB5DEB4}"
EndProject
Project("{FAE04EC0-301F-11D3-BF4B-00C04F79EFBC}") = "SampleArray.Test", "SampleArray.Test\SampleArray.Test.csproj", "{6965ED3E-E56E-4082-AA6C-3669B9930FA3}"
EndProject
Global
	GlobalSection(SolutionConfigurationPlatforms) = preSolution
		Debug|Any CPU = Debug|Any CPU
		Release|Any CPU = Release|Any CPU
	EndGlobalSection
	GlobalSection(ProjectConfigurationPlatforms) = postSolution
		{737B4DDD-7BF0-4B7A-8E17-86D6EA094A88}.Debug|Any CPU.ActiveCfg = Debug|Any CPU
		{737B4DDD-7BF0-4B7A-8E17-86D6EA094A88}.Debug|Any CPU.Build.0 = Debug|Any CPU
		{737B4DDD-7BF0-4B7A-8E17-86D6EA094A88}.Release|Any CPU.ActiveCfg = Release|Any CPU
		{737B4DDD-7BF0-4B7A-8E17-86D6EA094A88}.Release|Any CPU.Build.0 = Release|Any CPU
		{B4946132-3447-4574-B54F-8B1CCDB5DEB4}.Debug|Any CPU.ActiveCfg = Debug|Any CPU
		{B4946132-3447-4574-B54F-8B1CCDB5DEB4}.Debug|Any CPU.Build.0 = Debug|Any CPU
		{B4946132-3447-4574-B54F-8B1CCDB5DEB4}.Release|Any CPU.ActiveCfg = Release|Any CPU
		{B4946132-3447-4574-B54F-8B1CCDB5DEB4}.Release|Any CPU.Build.0 = Release|Any CPU
		{6965ED3E-E56E-4082-AA6C-3669B9930FA3}.Debug|Any CPU.ActiveCfg = Debug|Any CPU
		{6965ED3E-E56E-4082-AA6C-3669B9930FA3}.Debug|Any CPU.Build.0 = Debug|Any CPU
		{6965ED3E-E56E-4082-AA6C-3669B9930FA3}.Release|Any CPU.ActiveCfg = Release|Any CPU
		{6965ED3E-E56E-4082-AA6C-3669B9930FA3}.Release|Any CPU.Build.0 = Release|Any CPU
	EndGlobalSection
	GlobalSection(SolutionProperties) = preSolution
		HideSolutionNode = FALSE
	EndGlobalSection
	GlobalSection(ExtensibilityGlobals) = postSolution
		SolutionGuid = {22183B78-4080-4A05-909F-23F4F6EA549F}
	EndGlobalSection
EndGlobal
